
Microsoft Visual Studio Solution File, Format Version 12.00
# Visual Studio Version 17
VisualStudioVersion = 17.0.31903.59
MinimumVisualStudioVersion = 10.0.40219.1
Project("{FAE04EC0-301F-11D3-BF4B-00C04F79EFBC}") = "LabBookingConsole", "LabBookingConsole\LabBookingConsole.csproj", "{43927056-5FB6-4B4D-AC94-D9C6832EEAAA}"
EndProject
Project("{FAE04EC0-301F-11D3-BF4B-00C04F79EFBC}") = "LabBookingLib", "LabBookingLib\LabBookingLib.csproj", "{C211D0EA-ED78-450A-8ADA-2FC559784ED6}"
EndProject
Project("{FAE04EC0-301F-11D3-BF4B-00C04F79EFBC}") = "LabBooking.Tests", "LabBooking.Tests\LabBooking.Tests.csproj", "{4E1456B8-EFA5-4194-AAF0-04C9243A4E88}"
EndProject
Global
	GlobalSection(SolutionConfigurationPlatforms) = preSolution
		Debug|Any CPU = Debug|Any CPU
		Release|Any CPU = Release|Any CPU
	EndGlobalSection
	GlobalSection(SolutionProperties) = preSolution
		HideSolutionNode = FALSE
	EndGlobalSection
	GlobalSection(ProjectConfigurationPlatforms) = postSolution
		{43927056-5FB6-4B4D-AC94-D9C6832EEAAA}.Debug|Any CPU.ActiveCfg = Debug|Any CPU
		{43927056-5FB6-4B4D-AC94-D9C6832EEAAA}.Debug|Any CPU.Build.0 = Debug|Any CPU
		{43927056-5FB6-4B4D-AC94-D9C6832EEAAA}.Release|Any CPU.ActiveCfg = Release|Any CPU
		{43927056-5FB6-4B4D-AC94-D9C6832EEAAA}.Release|Any CPU.Build.0 = Release|Any CPU
		{C211D0EA-ED78-450A-8ADA-2FC559784ED6}.Debug|Any CPU.ActiveCfg = Debug|Any CPU
		{C211D0EA-ED78-450A-8ADA-2FC559784ED6}.Debug|Any CPU.Build.0 = Debug|Any CPU
		{C211D0EA-ED78-450A-8ADA-2FC559784ED6}.Release|Any CPU.ActiveCfg = Release|Any CPU
		{C211D0EA-ED78-450A-8ADA-2FC559784ED6}.Release|Any CPU.Build.0 = Release|Any CPU
		{4E1456B8-EFA5-4194-AAF0-04C9243A4E88}.Debug|Any CPU.ActiveCfg = Debug|Any CPU
		{4E1456B8-EFA5-4194-AAF0-04C9243A4E88}.Debug|Any CPU.Build.0 = Debug|Any CPU
		{4E1456B8-EFA5-4194-AAF0-04C9243A4E88}.Release|Any CPU.ActiveCfg = Release|Any CPU
		{4E1456B8-EFA5-4194-AAF0-04C9243A4E88}.Release|Any CPU.Build.0 = Release|Any CPU
	EndGlobalSection
EndGlobal
