
Microsoft Visual Studio Solution File, Format Version 12.00
# Visual Studio Version 17
VisualStudioVersion = 17.0.31903.59
MinimumVisualStudioVersion = 10.0.40219.1
Project("{FAE04EC0-301F-11D3-BF4B-00C04F79EFBC}") = "LabBookingConsole", "LabBookingConsole\LabBookingConsole.csproj", "{92F95FB1-BCF3-4BBB-A451-B4546C34F1DD}"
EndProject
Project("{FAE04EC0-301F-11D3-BF4B-00C04F79EFBC}") = "LabBooking", "LabBooking\LabBooking.csproj", "{BBD35E1A-D91C-4E39-84F2-9B70E868E7E7}"
EndProject
Project("{FAE04EC0-301F-11D3-BF4B-00C04F79EFBC}") = "LabBooking.Tests", "LabBooking.Tests\LabBooking.Tests.csproj", "{C549CBB4-754D-483F-804F-35BA60F52D41}"
EndProject
Global
	GlobalSection(SolutionConfigurationPlatforms) = preSolution
		Debug|Any CPU = Debug|Any CPU
		Release|Any CPU = Release|Any CPU
	EndGlobalSection
	GlobalSection(SolutionProperties) = preSolution
		HideSolutionNode = FALSE
	EndGlobalSection
	GlobalSection(ProjectConfigurationPlatforms) = postSolution
		{92F95FB1-BCF3-4BBB-A451-B4546C34F1DD}.Debug|Any CPU.ActiveCfg = Debug|Any CPU
		{92F95FB1-BCF3-4BBB-A451-B4546C34F1DD}.Debug|Any CPU.Build.0 = Debug|Any CPU
		{92F95FB1-BCF3-4BBB-A451-B4546C34F1DD}.Release|Any CPU.ActiveCfg = Release|Any CPU
		{92F95FB1-BCF3-4BBB-A451-B4546C34F1DD}.Release|Any CPU.Build.0 = Release|Any CPU
		{BBD35E1A-D91C-4E39-84F2-9B70E868E7E7}.Debug|Any CPU.ActiveCfg = Debug|Any CPU
		{BBD35E1A-D91C-4E39-84F2-9B70E868E7E7}.Debug|Any CPU.Build.0 = Debug|Any CPU
		{BBD35E1A-D91C-4E39-84F2-9B70E868E7E7}.Release|Any CPU.ActiveCfg = Release|Any CPU
		{BBD35E1A-D91C-4E39-84F2-9B70E868E7E7}.Release|Any CPU.Build.0 = Release|Any CPU
		{C549CBB4-754D-483F-804F-35BA60F52D41}.Debug|Any CPU.ActiveCfg = Debug|Any CPU
		{C549CBB4-754D-483F-804F-35BA60F52D41}.Debug|Any CPU.Build.0 = Debug|Any CPU
		{C549CBB4-754D-483F-804F-35BA60F52D41}.Release|Any CPU.ActiveCfg = Release|Any CPU
		{C549CBB4-754D-483F-804F-35BA60F52D41}.Release|Any CPU.Build.0 = Release|Any CPU
	EndGlobalSection
EndGlobal
